
Microsoft Visual Studio Solution File, Format Version 12.00
# Visual Studio Version 16
VisualStudioVersion = 16.0.30104.148
MinimumVisualStudioVersion = 10.0.40219.1
Project("{8BC9CEB8-8B4A-11D0-8D11-00A0C91BC942}") = "GPULiqSIM", "GPULiqSIM.vcxproj", "{549D8DCD-C9CE-4FD4-911D-BD10914FABE7}"
EndProject
Global
	GlobalSection(SolutionConfigurationPlatforms) = preSolution
		Debug|x64 = Debug|x64
		Release|x64 = Release|x64
	EndGlobalSection
	GlobalSection(ProjectConfigurationPlatforms) = postSolution
		{549D8DCD-C9CE-4FD4-911D-BD10914FABE7}.Debug|x64.ActiveCfg = Debug|x64
		{549D8DCD-C9CE-4FD4-911D-BD10914FABE7}.Debug|x64.Build.0 = Debug|x64
		{549D8DCD-C9CE-4FD4-911D-BD10914FABE7}.Release|x64.ActiveCfg = Release|x64
		{549D8DCD-C9CE-4FD4-911D-BD10914FABE7}.Release|x64.Build.0 = Release|x64
	EndGlobalSection
	GlobalSection(SolutionProperties) = preSolution
		HideSolutionNode = FALSE
	EndGlobalSection
	GlobalSection(ExtensibilityGlobals) = postSolution
		SolutionGuid = {8936B595-0FE5-4CA5-A955-6DFBF8BA1308}
	EndGlobalSection
EndGlobal
